# This file is automatically @generated by Cargo.
# It is not intended for manual editing.
version = 4

[[package]]
name = "bit_field"
version = "0.10.3"
source = "registry+https://github.com/rust-lang/crates.io-index"
checksum = "1e4b40c7323adcfc0a41c4b88143ed58346ff65a288fc144329c5c45e05d70c6"

[[package]]
name = "bitflags"
version = "2.11.0"
source = "registry+https://github.com/rust-lang/crates.io-index"
checksum = "843867be96c8daad0d758b57df9392b6d8d271134fce549de6ce169ff98a92af"

[[package]]
name = "const_fn"
version = "0.4.11"
source = "registry+https://github.com/rust-lang/crates.io-index"
checksum = "2f8a2ca5ac02d09563609681103aada9e1777d54fc57a5acd7a41404f9c93b6e"

[[package]]
name = "kernel-dumper"
version = "0.1.0"
dependencies = [
 "okf",
 "ps4-1100",
 "ps4-1152",
 "x86_64",
]

[[package]]
name = "okf"
version = "0.1.0"
source = "git+https://github.com/obhq/kernel-framework.git#e5300639be232458f01315b5bb9445550d0b0705"
dependencies = [
 "bitflags",
 "okf-macros",
]

[[package]]
name = "okf-macros"
version = "0.1.0"
source = "git+https://github.com/obhq/kernel-framework.git#e5300639be232458f01315b5bb9445550d0b0705"
dependencies = [
 "proc-macro2",
 "quote",
 "syn",
]

[[package]]
name = "proc-macro2"
version = "1.0.106"
source = "registry+https://github.com/rust-lang/crates.io-index"
checksum = "8fd00f0bb2e90d81d1044c2b32617f68fcb9fa3bb7640c23e9c748e53fb30934"
dependencies = [
 "unicode-ident",
]

[[package]]
name = "ps4-1100"
version = "0.1.0"
source = "git+https://github.com/obhq/kernel-framework.git#e5300639be232458f01315b5bb9445550d0b0705"
dependencies = [
 "okf",
]

[[package]]
name = "ps4-1152"
version = "0.1.0"
source = "git+https://github.com/obhq/kernel-framework.git#e5300639be232458f01315b5bb9445550d0b0705"
dependencies = [
 "okf",
]

[[package]]
name = "quote"
version = "1.0.44"
source = "registry+https://github.com/rust-lang/crates.io-index"
checksum = "21b2ebcf727b7760c461f091f9f0f539b77b8e87f2fd88131e7f1b433b3cece4"
dependencies = [
 "proc-macro2",
]

[[package]]
name = "rustversion"
version = "1.0.22"
source = "registry+https://github.com/rust-lang/crates.io-index"
checksum = "b39cdef0fa800fc44525c84ccb54a029961a8215f9619753635a9c0d2538d46d"

[[package]]
name = "syn"
version = "2.0.115"
source = "registry+https://github.com/rust-lang/crates.io-index"
checksum = "6e614ed320ac28113fa64972c4262d5dbc89deacdfd00c34a3e4cea073243c12"
dependencies = [
 "proc-macro2",
 "quote",
 "unicode-ident",
]

[[package]]
name = "unicode-ident"
version = "1.0.23"
source = "registry+https://github.com/rust-lang/crates.io-index"
checksum = "537dd038a89878be9b64dd4bd1b260315c1bb94f4d784956b81e27a088d9a09e"

[[package]]
name = "volatile"
version = "0.4.6"
source = "registry+https://github.com/rust-lang/crates.io-index"
checksum = "442887c63f2c839b346c192d047a7c87e73d0689c9157b00b53dcc27dd5ea793"

[[package]]
name = "x86_64"
version = "0.15.4"
source = "registry+https://github.com/rust-lang/crates.io-index"
checksum = "f7841fa0098ceb15c567d93d3fae292c49e10a7662b4936d5f6a9728594555ba"
dependencies = [
 "bit_field",
 "bitflags",
 "const_fn",
 "rustversion",
 "volatile",
]
